[[package]]
name = "anyio"
version = "3.5.0"
description = "High level compatibility layer for multiple asynchronous event loop implementations"
category = "main"
optional = false
python-versions = ">=3.6.2"

[package.dependencies]
idna = ">=2.8"
sniffio = ">=1.1"

[package.extras]
doc = ["packaging", "sphinx-rtd-theme", "sphinx-autodoc-typehints (>=1.2.0)"]
test = ["coverage[toml] (>=4.5)", "hypothesis (>=4.0)", "pytest (>=6.0)", "pytest-mock (>=3.6.1)", "trustme", "contextlib2", "uvloop (<0.15)", "mock (>=4)", "uvloop (>=0.15)"]
trio = ["trio (>=0.16)"]

[[package]]
name = "asgiref"
version = "3.5.0"
description = "ASGI specs, helper code, and adapters"
category = "main"
optional = false
python-versions = ">=3.7"

[package.extras]
tests = ["pytest", "pytest-asyncio", "mypy (>=0.800)"]

[[package]]
name = "click"
version = "8.0.4"
description = "Composable command line interface toolkit"
category = "main"
optional = false
python-versions = ">=3.6"

[package.dependencies]
colorama = {version = "*", markers = "platform_system == \"Windows\""}

[[package]]
name = "colorama"
version = "0.4.4"
description = "Cross-platform colored terminal text."
category = "main"
optional = false
python-versions = ">=2.7, !=3.0.*, !=3.1.*, !=3.2.*, !=3.3.*, !=3.4.*"

[[package]]
name = "fastapi"
version = "0.74.1"
description = "FastAPI framework, high performance, easy to learn, fast to code, ready for production"
category = "main"
optional = false
python-versions = ">=3.6.1"

[package.dependencies]
pydantic = ">=1.6.2,<1.7 || >1.7,<1.7.1 || >1.7.1,<1.7.2 || >1.7.2,<1.7.3 || >1.7.3,<1.8 || >1.8,<1.8.1 || >1.8.1,<2.0.0"
starlette = "0.17.1"

[package.extras]
all = ["requests (>=2.24.0,<3.0.0)", "jinja2 (>=2.11.2,<4.0.0)", "python-multipart (>=0.0.5,<0.0.6)", "itsdangerous (>=1.1.0,<3.0.0)", "pyyaml (>=5.3.1,<6.0.0)", "ujson (>=4.0.1,<5.0.0)", "orjson (>=3.2.1,<4.0.0)", "email_validator (>=1.1.1,<2.0.0)", "uvicorn[standard] (>=0.12.0,<0.16.0)"]
dev = ["python-jose[cryptography] (>=3.3.0,<4.0.0)", "passlib[bcrypt] (>=1.7.2,<2.0.0)", "autoflake (>=1.4.0,<2.0.0)", "flake8 (>=3.8.3,<4.0.0)", "uvicorn[standard] (>=0.12.0,<0.16.0)"]
doc = ["mkdocs (>=1.1.2,<2.0.0)", "mkdocs-material (>=8.1.4,<9.0.0)", "mdx-include (>=1.4.1,<2.0.0)", "mkdocs-markdownextradata-plugin (>=0.1.7,<0.3.0)", "typer-cli (>=0.0.12,<0.0.13)", "pyyaml (>=5.3.1,<6.0.0)"]
test = ["pytest (>=6.2.4,<7.0.0)", "pytest-cov (>=2.12.0,<4.0.0)", "mypy (==0.910)", "flake8 (>=3.8.3,<4.0.0)", "black (==21.9b0)", "isort (>=5.0.6,<6.0.0)", "requests (>=2.24.0,<3.0.0)", "httpx (>=0.14.0,<0.19.0)", "email_validator (>=1.1.1,<2.0.0)", "sqlalchemy (>=1.3.18,<1.5.0)", "peewee (>=3.13.3,<4.0.0)", "databases[sqlite] (>=0.3.2,<0.6.0)", "orjson (>=3.2.1,<4.0.0)", "ujson (>=4.0.1,<5.0.0)", "python-multipart (>=0.0.5,<0.0.6)", "flask (>=1.1.2,<3.0.0)", "anyio[trio] (>=3.2.1,<4.0.0)", "types-ujson (==0.1.1)", "types-orjson (==3.6.0)", "types-dataclasses (==0.1.7)"]

[[package]]
name = "h11"
version = "0.13.0"
description = "A pure-Python, bring-your-own-I/O implementation of HTTP/1.1"
category = "main"
optional = false
python-versions = ">=3.6"

[[package]]
name = "httptools"
version = "0.3.0"
description = "A collection of framework independent HTTP protocol utils."
category = "main"
optional = false
python-versions = ">=3.5.0"

[package.extras]
test = ["Cython (>=0.29.24,<0.30.0)"]

[[package]]
name = "idna"
version = "3.3"
description = "Internationalized Domain Names in Applications (IDNA)"
category = "main"
optional = false
python-versions = ">=3.5"

[[package]]
name = "pydantic"
version = "1.9.0"
description = "Data validation and settings management using python 3.6 type hinting"
category = "main"
optional = false
python-versions = ">=3.6.1"

[package.dependencies]
typing-extensions = ">=3.7.4.3"

[package.extras]
dotenv = ["python-dotenv (>=0.10.4)"]
email = ["email-validator (>=1.0.3)"]

[[package]]
name = "python-dotenv"
version = "0.19.2"
description = "Read key-value pairs from a .env file and set them as environment variables"
category = "main"
optional = false
python-versions = ">=3.5"

[package.extras]
cli = ["click (>=5.0)"]

[[package]]
name = "pyyaml"
version = "6.0"
description = "YAML parser and emitter for Python"
category = "main"
optional = false
python-versions = ">=3.6"

[[package]]
name = "sniffio"
version = "1.2.0"
description = "Sniff out which async library your code is running under"
category = "main"
optional = false
python-versions = ">=3.5"

[[package]]
name = "starlette"
version = "0.17.1"
description = "The little ASGI library that shines."
category = "main"
optional = false
python-versions = ">=3.6"

[package.dependencies]
anyio = ">=3.0.0,<4"

[package.extras]
full = ["itsdangerous", "jinja2", "python-multipart", "pyyaml", "requests"]

[[package]]
name = "typing-extensions"
version = "4.1.1"
description = "Backported and Experimental Type Hints for Python 3.6+"
category = "main"
optional = false
python-versions = ">=3.6"

[[package]]
name = "uvicorn"
version = "0.17.5"
description = "The lightning-fast ASGI server."
category = "main"
optional = false
python-versions = ">=3.7"

[package.dependencies]
asgiref = ">=3.4.0"
click = ">=7.0"
colorama = {version = ">=0.4", optional = true, markers = "sys_platform == \"win32\" and extra == \"standard\""}
h11 = ">=0.8"
httptools = {version = ">=0.2.0,<0.4.0", optional = true, markers = "extra == \"standard\""}
python-dotenv = {version = ">=0.13", optional = true, markers = "extra == \"standard\""}
PyYAML = {version = ">=5.1", optional = true, markers = "extra == \"standard\""}
uvloop = {version = ">=0.14.0,<0.15.0 || >0.15.0,<0.15.1 || >0.15.1", optional = true, markers = "sys_platform != \"win32\" and sys_platform != \"cygwin\" and platform_python_implementation != \"PyPy\" and extra == \"standard\""}
watchgod = {version = ">=0.6", optional = true, markers = "extra == \"standard\""}
websockets = {version = ">=10.0", optional = true, markers = "extra == \"standard\""}

[package.extras]
standard = ["websockets (>=10.0)", "httptools (>=0.2.0,<0.4.0)", "watchgod (>=0.6)", "python-dotenv (>=0.13)", "PyYAML (>=5.1)", "uvloop (>=0.14.0,!=0.15.0,!=0.15.1)", "colorama (>=0.4)"]

[[package]]
name = "uvloop"
version = "0.16.0"
description = "Fast implementation of asyncio event loop on top of libuv"
category = "main"
optional = false
python-versions = ">=3.7"

[package.extras]
dev = ["Cython (>=0.29.24,<0.30.0)", "pytest (>=3.6.0)", "Sphinx (>=4.1.2,<4.2.0)", "sphinxcontrib-asyncio (>=0.3.0,<0.4.0)", "sphinx-rtd-theme (>=0.5.2,<0.6.0)", "aiohttp", "flake8 (>=3.9.2,<3.10.0)", "psutil", "pycodestyle (>=2.7.0,<2.8.0)", "pyOpenSSL (>=19.0.0,<19.1.0)", "mypy (>=0.800)"]
docs = ["Sphinx (>=4.1.2,<4.2.0)", "sphinxcontrib-asyncio (>=0.3.0,<0.4.0)", "sphinx-rtd-theme (>=0.5.2,<0.6.0)"]
test = ["aiohttp", "flake8 (>=3.9.2,<3.10.0)", "psutil", "pycodestyle (>=2.7.0,<2.8.0)", "pyOpenSSL (>=19.0.0,<19.1.0)", "mypy (>=0.800)"]

[[package]]
name = "watchgod"
version = "0.7"
description = "Simple, modern file watching and code reload in python."
category = "main"
optional = false
python-versions = ">=3.5"

[[package]]
name = "websockets"
version = "10.2"
description = "An implementation of the WebSocket Protocol (RFC 6455 & 7692)"
category = "main"
optional = false
python-versions = ">=3.7"

[metadata]
lock-version = "1.1"
python-versions = "^3.8"
content-hash = "844fd837fc84ba64d43c05c0bda56ec2cb51903ba27210e704ecb4a2d9b3eb3e"

[metadata.files]
anyio = [
    {file = "anyio-3.5.0-py3-none-any.whl", hash = "sha256:b5fa16c5ff93fa1046f2eeb5bbff2dad4d3514d6cda61d02816dba34fa8c3c2e"},
    {file = "anyio-3.5.0.tar.gz", hash = "sha256:a0aeffe2fb1fdf374a8e4b471444f0f3ac4fb9f5a5b542b48824475e0042a5a6"},
]
asgiref = [
    {file = "asgiref-3.5.0-py3-none-any.whl", hash = "sha256:88d59c13d634dcffe0510be048210188edd79aeccb6a6c9028cdad6f31d730a9"},
    {file = "asgiref-3.5.0.tar.gz", hash = "sha256:2f8abc20f7248433085eda803936d98992f1343ddb022065779f37c5da0181d0"},
]
click = [
    {file = "click-8.0.4-py3-none-any.whl", hash = "sha256:6a7a62563bbfabfda3a38f3023a1db4a35978c0abd76f6c9605ecd6554d6d9b1"},
    {file = "click-8.0.4.tar.gz", hash = "sha256:8458d7b1287c5fb128c90e23381cf99dcde74beaf6c7ff6384ce84d6fe090adb"},
]
colorama = [
    {file = "colorama-0.4.4-py2.py3-none-any.whl", hash = "sha256:9f47eda37229f68eee03b24b9748937c7dc3868f906e8ba69fbcbdd3bc5dc3e2"},
    {file = "colorama-0.4.4.tar.gz", hash = "sha256:5941b2b48a20143d2267e95b1c2a7603ce057ee39fd88e7329b0c292aa16869b"},
]
fastapi = [
    {file = "fastapi-0.74.1-py3-none-any.whl", hash = "sha256:b8ec8400623ef0b2ff558ebe06753b349f8e3a5dd38afea650800f2644ddba34"},
    {file = "fastapi-0.74.1.tar.gz", hash = "sha256:b58a2c46df14f62ebe6f24a9439927539ba1959b9be55ba0e2f516a683e5b9d4"},
]
h11 = [
    {file = "h11-0.13.0-py3-none-any.whl", hash = "sha256:8ddd78563b633ca55346c8cd41ec0af27d3c79931828beffb46ce70a379e7442"},
    {file = "h11-0.13.0.tar.gz", hash = "sha256:70813c1135087a248a4d38cc0e1a0181ffab2188141a93eaf567940c3957ff06"},
]
httptools = [
    {file = "httptools-0.3.0-cp310-cp310-macosx_10_9_universal2.whl", hash = "sha256:4137137de8976511a392e27bfdcf231bd926ac13d375e0414e927b08217d779e"},
    {file = "httptools-0.3.0-cp310-cp310-macosx_10_9_x86_64.whl", hash = "sha256:9f475b642c48b1b78584bdd12a5143e2c512485664331eade9c29ef769a17598"},
    {file = "httptools-0.3.0-cp310-cp310-manylinux_2_17_aarch64.manylinux2014_aarch64.whl", hash = "sha256:4687dfc116a9f1eb22a7d797f0dc6f6e17190d406ca4e729634b38aa98044b17"},
    {file = "httptools-0.3.0-cp310-cp310-manylinux_2_5_x86_64.manylinux1_x86_64.manylinux_2_12_x86_64.manylinux2010_x86_64.whl", hash = "sha256:72ee0e3fb9c6437ab3ae34e9abee67fcee6876f4f58504e3f613dd5882aafdb7"},
    {file = "httptools-0.3.0-cp310-cp310-win_amd64.whl", hash = "sha256:3787c1f46e9722ef7f07ea5c76b0103037483d1b12e34a02c53ceca5afa4e09a"},
    {file = "httptools-0.3.0-cp36-cp36m-macosx_10_9_x86_64.whl", hash = "sha256:c0ac2e0ce6733c55858932e7d37fcc7b67ba6bb23e9648593c55f663de031b93"},
    {file = "httptools-0.3.0-cp36-cp36m-manylinux_2_17_aarch64.manylinux2014_aarch64.whl", hash = "sha256:79717080dc3f8b1eeb7f820b9b81528acbc04be6041f323fdd97550da2062575"},
    {file = "httptools-0.3.0-cp36-cp36m-manylinux_2_5_x86_64.manylinux1_x86_64.manylinux_2_12_x86_64.manylinux2010_x86_64.whl", hash = "sha256:eda95634027200f4b2a6d499e7c2e7fa9b8ee57e045dfda26958ea0af27c070b"},
    {file = "httptools-0.3.0-cp36-cp36m-win_amd64.whl", hash = "sha256:3f82eb106e1474c63dba36a176067e65b48385f4cecddf3616411aa5d1fbdfec"},
    {file = "httptools-0.3.0-cp37-cp37m-macosx_10_9_x86_64.whl", hash = "sha256:c14576b737d9e6e4f2a86af04918dbe9b62f57ce8102a8695c9a382dbe405c7f"},
    {file = "httptools-0.3.0-cp37-cp37m-manylinux_2_17_aarch64.manylinux2014_aarch64.whl", hash = "sha256:113816f9af7dcfc4aa71ebb5354d77365f666ecf96ac7ff2aa1d24b6bca44165"},
    {file = "httptools-0.3.0-cp37-cp37m-manylinux_2_5_x86_64.manylinux1_x86_64.manylinux_2_12_x86_64.manylinux2010_x86_64.whl", hash = "sha256:b8ac7dee63af4346e02b1e6d32202e3b5b3706a9928bec6da6d7a5b066217422"},
    {file = "httptools-0.3.0-cp37-cp37m-win_amd64.whl", hash = "sha256:04114db99605c9b56ea22a8ec4d7b1485b908128ed4f4a8f6438489c428da794"},
    {file = "httptools-0.3.0-cp38-cp38-macosx_10_9_universal2.whl", hash = "sha256:6e676bc3bb911b11f3d7e2144b9a53600bf6b9b21e0e4437aa308e1eef094d97"},
    {file = "httptools-0.3.0-cp38-cp38-macosx_10_9_x86_64.whl", hash = "sha256:cdc3975db86c29817e6d13df14e037c931fc893a710fb71097777a4147090068"},
    {file = "httptools-0.3.0-cp38-cp38-manylinux_2_17_aarch64.manylinux2014_aarch64.whl", hash = "sha256:8ac842df4fc3952efa7820b277961ea55e068bbc54cb59a0820400de7ae358d8"},
    {file = "httptools-0.3.0-cp38-cp38-manylinux_2_5_x86_64.manylinux1_x86_64.manylinux_2_12_x86_64.manylinux2010_x86_64.whl", hash = "sha256:47dba2345aaa01b87e4981e8756af441349340708d5b60712c98c55a4d28f4af"},
    {file = "httptools-0.3.0-cp38-cp38-win_amd64.whl", hash = "sha256:5a836bd85ae1fb4304f674808488dae403e136d274aa5bafd0e6ee456f11c371"},
    {file = "httptools-0.3.0-cp39-cp39-macosx_10_9_universal2.whl", hash = "sha256:1a8f26327023fa1a947d36e60a0582149e182fbbc949c8a65ec8665754dbbe69"},
    {file = "httptools-0.3.0-cp39-cp39-macosx_10_9_x86_64.whl", hash = "sha256:32a10a5903b5bc0eb647d01cd1e95bec3bb614a9bf53f0af1e01360b2debdf81"},
    {file = "httptools-0.3.0-cp39-cp39-manylinux_2_17_aarch64.manylinux2014_aarch64.whl", hash = "sha256:21e948034f70e47c8abfa2d5e6f1a5661f87a2cddc7bcc70f61579cc87897c70"},
    {file = "httptools-0.3.0-cp39-cp39-manylinux_2_5_x86_64.manylinux1_x86_64.manylinux_2_12_x86_64.manylinux2010_x86_64.whl", hash = "sha256:074afd8afdeec0fa6786cd4a1676e0c0be23dc9a017a86647efa6b695168104f"},
    {file = "httptools-0.3.0-cp39-cp39-win_amd64.whl", hash = "sha256:2119fa619a4c53311f594f25c0205d619350fcb32140ec5057f861952e9b2b4f"},
    {file = "httptools-0.3.0.tar.gz", hash = "sha256:3f9b4856d46ba1f0c850f4e84b264a9a8b4460acb20e865ec00978ad9fbaa4cf"},
]
idna = [
    {file = "idna-3.3-py3-none-any.whl", hash = "sha256:84d9dd047ffa80596e0f246e2eab0b391788b0503584e8945f2368256d2735ff"},
    {file = "idna-3.3.tar.gz", hash = "sha256:9d643ff0a55b762d5cdb124b8eaa99c66322e2157b69160bc32796e824360e6d"},
]
pydantic = [
    {file = "pydantic-1.9.0-cp310-cp310-macosx_10_9_x86_64.whl", hash = "sha256:cb23bcc093697cdea2708baae4f9ba0e972960a835af22560f6ae4e7e47d33f5"},
    {file = "pydantic-1.9.0-cp310-cp310-macosx_11_0_arm64.whl", hash = "sha256:1d5278bd9f0eee04a44c712982343103bba63507480bfd2fc2790fa70cd64cf4"},
    {file = "pydantic-1.9.0-cp310-cp310-manylinux_2_17_x86_64.manylinux2014_x86_64.whl", hash = "sha256:ab624700dc145aa809e6f3ec93fb8e7d0f99d9023b713f6a953637429b437d37"},
    {file = "pydantic-1.9.0-cp310-cp310-manylinux_2_5_i686.manylinux1_i686.manylinux_2_17_i686.manylinux2014_i686.whl", hash = "sha256:c8d7da6f1c1049eefb718d43d99ad73100c958a5367d30b9321b092771e96c25"},
    {file = "pydantic-1.9.0-cp310-cp310-musllinux_1_1_i686.whl", hash = "sha256:3c3b035103bd4e2e4a28da9da7ef2fa47b00ee4a9cf4f1a735214c1bcd05e0f6"},
    {file = "pydantic-1.9.0-cp310-cp310-musllinux_1_1_x86_64.whl", hash = "sha256:3011b975c973819883842c5ab925a4e4298dffccf7782c55ec3580ed17dc464c"},
    {file = "pydantic-1.9.0-cp310-cp310-win_amd64.whl", hash = "sha256:086254884d10d3ba16da0588604ffdc5aab3f7f09557b998373e885c690dd398"},
    {file = "pydantic-1.9.0-cp36-cp36m-macosx_10_9_x86_64.whl", hash = "sha256:0fe476769acaa7fcddd17cadd172b156b53546ec3614a4d880e5d29ea5fbce65"},
    {file = "pydantic-1.9.0-cp36-cp36m-manylinux_2_17_x86_64.manylinux2014_x86_64.whl", hash = "sha256:c8e9dcf1ac499679aceedac7e7ca6d8641f0193c591a2d090282aaf8e9445a46"},
    {file = "pydantic-1.9.0-cp36-cp36m-manylinux_2_5_i686.manylinux1_i686.manylinux_2_17_i686.manylinux2014_i686.whl", hash = "sha256:d1e4c28f30e767fd07f2ddc6f74f41f034d1dd6bc526cd59e63a82fe8bb9ef4c"},
    {file = "pydantic-1.9.0-cp36-cp36m-musllinux_1_1_i686.whl", hash = "sha256:c86229333cabaaa8c51cf971496f10318c4734cf7b641f08af0a6fbf17ca3054"},
    {file = "pydantic-1.9.0-cp36-cp36m-musllinux_1_1_x86_64.whl", hash = "sha256:c0727bda6e38144d464daec31dff936a82917f431d9c39c39c60a26567eae3ed"},
    {file = "pydantic-1.9.0-cp36-cp36m-win_amd64.whl", hash = "sha256:dee5ef83a76ac31ab0c78c10bd7d5437bfdb6358c95b91f1ba7ff7b76f9996a1"},
    {file = "pydantic-1.9.0-cp37-cp37m-macosx_10_9_x86_64.whl", hash = "sha256:d9c9bdb3af48e242838f9f6e6127de9be7063aad17b32215ccc36a09c5cf1070"},
    {file = "pydantic-1.9.0-cp37-cp37m-manylinux_2_17_x86_64.manylinux2014_x86_64.whl", hash = "sha256:2ee7e3209db1e468341ef41fe263eb655f67f5c5a76c924044314e139a1103a2"},
    {file = "pydantic-1.9.0-cp37-cp37m-manylinux_2_5_i686.manylinux1_i686.manylinux_2_17_i686.manylinux2014_i686.whl", hash = "sha256:0b6037175234850ffd094ca77bf60fb54b08b5b22bc85865331dd3bda7a02fa1"},
    {file = "pydantic-1.9.0-cp37-cp37m-musllinux_1_1_i686.whl", hash = "sha256:b2571db88c636d862b35090ccf92bf24004393f85c8870a37f42d9f23d13e032"},
    {file = "pydantic-1.9.0-cp37-cp37m-musllinux_1_1_x86_64.whl", hash = "sha256:8b5ac0f1c83d31b324e57a273da59197c83d1bb18171e512908fe5dc7278a1d6"},
    {file = "pydantic-1.9.0-cp37-cp37m-win_amd64.whl", hash = "sha256:bbbc94d0c94dd80b3340fc4f04fd4d701f4b038ebad72c39693c794fd3bc2d9d"},
    {file = "pydantic-1.9.0-cp38-cp38-macosx_10_9_x86_64.whl", hash = "sha256:e0896200b6a40197405af18828da49f067c2fa1f821491bc8f5bde241ef3f7d7"},
    {file = "pydantic-1.9.0-cp38-cp38-macosx_11_0_arm64.whl", hash = "sha256:7bdfdadb5994b44bd5579cfa7c9b0e1b0e540c952d56f627eb227851cda9db77"},
    {file = "pydantic-1.9.0-cp38-cp38-manylinux_2_17_x86_64.manylinux2014_x86_64.whl", hash = "sha256:574936363cd4b9eed8acdd6b80d0143162f2eb654d96cb3a8ee91d3e64bf4cf9"},
    {file = "pydantic-1.9.0-cp38-cp38-manylinux_2_5_i686.manylinux1_i686.manylinux_2_17_i686.manylinux2014_i686.whl", hash = "sha256:c556695b699f648c58373b542534308922c46a1cda06ea47bc9ca45ef5b39ae6"},
    {file = "pydantic-1.9.0-cp38-cp38-musllinux_1_1_i686.whl", hash = "sha256:f947352c3434e8b937e3aa8f96f47bdfe6d92779e44bb3f41e4c213ba6a32145"},
    {file = "pydantic-1.9.0-cp38-cp38-musllinux_1_1_x86_64.whl", hash = "sha256:5e48ef4a8b8c066c4a31409d91d7ca372a774d0212da2787c0d32f8045b1e034"},
    {file = "pydantic-1.9.0-cp38-cp38-win_amd64.whl", hash = "sha256:96f240bce182ca7fe045c76bcebfa0b0534a1bf402ed05914a6f1dadff91877f"},
    {file = "pydantic-1.9.0-cp39-cp39-macosx_10_9_x86_64.whl", hash = "sha256:815ddebb2792efd4bba5488bc8fde09c29e8ca3227d27cf1c6990fc830fd292b"},
    {file = "pydantic-1.9.0-cp39-cp39-macosx_11_0_arm64.whl", hash = "sha256:6c5b77947b9e85a54848343928b597b4f74fc364b70926b3c4441ff52620640c"},
    {file = "pydantic-1.9.0-cp39-cp39-manylinux_2_17_x86_64.manylinux2014_x86_64.whl", hash = "sha256:4c68c3bc88dbda2a6805e9a142ce84782d3930f8fdd9655430d8576315ad97ce"},
    {file = "pydantic-1.9.0-cp39-cp39-manylinux_2_5_i686.manylinux1_i686.manylinux_2_17_i686.manylinux2014_i686.whl", hash = "sha256:5a79330f8571faf71bf93667d3ee054609816f10a259a109a0738dac983b23c3"},
    {file = "pydantic-1.9.0-cp39-cp39-musllinux_1_1_i686.whl", hash = "sha256:f5a64b64ddf4c99fe201ac2724daada8595ada0d102ab96d019c1555c2d6441d"},
    {file = "pydantic-1.9.0-cp39-cp39-musllinux_1_1_x86_64.whl", hash = "sha256:a733965f1a2b4090a5238d40d983dcd78f3ecea221c7af1497b845a9709c1721"},
    {file = "pydantic-1.9.0-cp39-cp39-win_amd64.whl", hash = "sha256:2cc6a4cb8a118ffec2ca5fcb47afbacb4f16d0ab8b7350ddea5e8ef7bcc53a16"},
    {file = "pydantic-1.9.0-py3-none-any.whl", hash = "sha256:085ca1de245782e9b46cefcf99deecc67d418737a1fd3f6a4f511344b613a5b3"},
    {file = "pydantic-1.9.0.tar.gz", hash = "sha256:742645059757a56ecd886faf4ed2441b9c0cd406079c2b4bee51bcc3fbcd510a"},
]
python-dotenv = [
    {file = "python-dotenv-0.19.2.tar.gz", hash = "sha256:a5de49a31e953b45ff2d2fd434bbc2670e8db5273606c1e737cc6b93eff3655f"},
    {file = "python_dotenv-0.19.2-py2.py3-none-any.whl", hash = "sha256:32b2bdc1873fd3a3c346da1c6db83d0053c3c62f28f1f38516070c4c8971b1d3"},
]
pyyaml = [
    {file = "PyYAML-6.0-cp310-cp310-macosx_10_9_x86_64.whl", hash = "sha256:d4db7c7aef085872ef65a8fd7d6d09a14ae91f691dec3e87ee5ee0539d516f53"},
    {file = "PyYAML-6.0-cp310-cp310-macosx_11_0_arm64.whl", hash = "sha256:9df7ed3b3d2e0ecfe09e14741b857df43adb5a3ddadc919a2d94fbdf78fea53c"},
    {file = "PyYAML-6.0-cp310-cp310-manylinux_2_17_aarch64.manylinux2014_aarch64.whl", hash = "sha256:77f396e6ef4c73fdc33a9157446466f1cff553d979bd00ecb64385760c6babdc"},
    {file = "PyYAML-6.0-cp310-cp310-manylinux_2_17_s390x.manylinux2014_s390x.whl", hash = "sha256:a80a78046a72361de73f8f395f1f1e49f956c6be882eed58505a15f3e430962b"},
    {file = "PyYAML-6.0-cp310-cp310-manylinux_2_5_x86_64.manylinux1_x86_64.manylinux_2_12_x86_64.manylinux2010_x86_64.whl", hash = "sha256:f84fbc98b019fef2ee9a1cb3ce93e3187a6df0b2538a651bfb890254ba9f90b5"},
    {file = "PyYAML-6.0-cp310-cp310-win32.whl", hash = "sha256:2cd5df3de48857ed0544b34e2d40e9fac445930039f3cfe4bcc592a1f836d513"},
    {file = "PyYAML-6.0-cp310-cp310-win_amd64.whl", hash = "sha256:daf496c58a8c52083df09b80c860005194014c3698698d1a57cbcfa182142a3a"},
    {file = "PyYAML-6.0-cp36-cp36m-macosx_10_9_x86_64.whl", hash = "sha256:897b80890765f037df3403d22bab41627ca8811ae55e9a722fd0392850ec4d86"},
    {file = "PyYAML-6.0-cp36-cp36m-manylinux_2_17_aarch64.manylinux2014_aarch64.whl", hash = "sha256:50602afada6d6cbfad699b0c7bb50d5ccffa7e46a3d738092afddc1f9758427f"},
    {file = "PyYAML-6.0-cp36-cp36m-manylinux_2_17_s390x.manylinux2014_s390x.whl", hash = "sha256:48c346915c114f5fdb3ead70312bd042a953a8ce5c7106d5bfb1a5254e47da92"},
    {file = "PyYAML-6.0-cp36-cp36m-manylinux_2_5_x86_64.manylinux1_x86_64.manylinux_2_12_x86_64.manylinux2010_x86_64.whl", hash = "sha256:98c4d36e99714e55cfbaaee6dd5badbc9a1ec339ebfc3b1f52e293aee6bb71a4"},
    {file = "PyYAML-6.0-cp36-cp36m-win32.whl", hash = "sha256:0283c35a6a9fbf047493e3a0ce8d79ef5030852c51e9d911a27badfde0605293"},
    {file = "PyYAML-6.0-cp36-cp36m-win_amd64.whl", hash = "sha256:07751360502caac1c067a8132d150cf3d61339af5691fe9e87803040dbc5db57"},
    {file = "PyYAML-6.0-cp37-cp37m-macosx_10_9_x86_64.whl", hash = "sha256:819b3830a1543db06c4d4b865e70ded25be52a2e0631ccd2f6a47a2822f2fd7c"},
    {file = "PyYAML-6.0-cp37-cp37m-manylinux_2_17_aarch64.manylinux2014_aarch64.whl", hash = "sha256:473f9edb243cb1935ab5a084eb238d842fb8f404ed2193a915d1784b5a6b5fc0"},
    {file = "PyYAML-6.0-cp37-cp37m-manylinux_2_17_s390x.manylinux2014_s390x.whl", hash = "sha256:0ce82d761c532fe4ec3f87fc45688bdd3a4c1dc5e0b4a19814b9009a29baefd4"},
    {file = "PyYAML-6.0-cp37-cp37m-manylinux_2_5_x86_64.manylinux1_x86_64.manylinux_2_12_x86_64.manylinux2010_x86_64.whl", hash = "sha256:231710d57adfd809ef5d34183b8ed1eeae3f76459c18fb4a0b373ad56bedcdd9"},
    {file = "PyYAML-6.0-cp37-cp37m-win32.whl", hash = "sha256:c5687b8d43cf58545ade1fe3e055f70eac7a5a1a0bf42824308d868289a95737"},
    {file = "PyYAML-6.0-cp37-cp37m-win_amd64.whl", hash = "sha256:d15a181d1ecd0d4270dc32edb46f7cb7733c7c508857278d3d378d14d606db2d"},
    {file = "PyYAML-6.0-cp38-cp38-macosx_10_9_x86_64.whl", hash = "sha256:0b4624f379dab24d3725ffde76559cff63d9ec94e1736b556dacdfebe5ab6d4b"},
    {file = "PyYAML-6.0-cp38-cp38-manylinux_2_17_aarch64.manylinux2014_aarch64.whl", hash = "sha256:213c60cd50106436cc818accf5baa1aba61c0189ff610f64f4a3e8c6726218ba"},
    {file = "PyYAML-6.0-cp38-cp38-manylinux_2_17_s390x.manylinux2014_s390x.whl", hash = "sha256:9fa600030013c4de8165339db93d182b9431076eb98eb40ee068700c9c813e34"},
    {file = "PyYAML-6.0-cp38-cp38-manylinux_2_5_x86_64.manylinux1_x86_64.manylinux_2_12_x86_64.manylinux2010_x86_64.whl", hash = "sha256:277a0ef2981ca40581a47093e9e2d13b3f1fbbeffae064c1d21bfceba2030287"},
    {file = "PyYAML-6.0-cp38-cp38-win32.whl", hash = "sha256:d4eccecf9adf6fbcc6861a38015c2a64f38b9d94838ac1810a9023a0609e1b78"},
    {file = "PyYAML-6.0-cp38-cp38-win_amd64.whl", hash = "sha256:1e4747bc279b4f613a09eb64bba2ba602d8a6664c6ce6396a4d0cd413a50ce07"},
    {file = "PyYAML-6.0-cp39-cp39-macosx_10_9_x86_64.whl", hash = "sha256:055d937d65826939cb044fc8c9b08889e8c743fdc6a32b33e2390f66013e449b"},
    {file = "PyYAML-6.0-cp39-cp39-macosx_11_0_arm64.whl", hash = "sha256:e61ceaab6f49fb8bdfaa0f92c4b57bcfbea54c09277b1b4f7ac376bfb7a7c174"},
    {file = "PyYAML-6.0-cp39-cp39-manylinux_2_17_aarch64.manylinux2014_aarch64.whl", hash = "sha256:d67d839ede4ed1b28a4e8909735fc992a923cdb84e618544973d7dfc71540803"},
    {file = "PyYAML-6.0-cp39-cp39-manylinux_2_17_s390x.manylinux2014_s390x.whl", hash = "sha256:cba8c411ef271aa037d7357a2bc8f9ee8b58b9965831d9e51baf703280dc73d3"},
    {file = "PyYAML-6.0-cp39-cp39-manylinux_2_5_x86_64.manylinux1_x86_64.manylinux_2_12_x86_64.manylinux2010_x86_64.whl", hash = "sha256:40527857252b61eacd1d9af500c3337ba8deb8fc298940291486c465c8b46ec0"},
    {file = "PyYAML-6.0-cp39-cp39-win32.whl", hash = "sha256:b5b9eccad747aabaaffbc6064800670f0c297e52c12754eb1d976c57e4f74dcb"},
    {file = "PyYAML-6.0-cp39-cp39-win_amd64.whl", hash = "sha256:b3d267842bf12586ba6c734f89d1f5b871df0273157918b0ccefa29deb05c21c"},
    {file = "PyYAML-6.0.tar.gz", hash = "sha256:68fb519c14306fec9720a2a5b45bc9f0c8d1b9c72adf45c37baedfcd949c35a2"},
]
sniffio = [
    {file = "sniffio-1.2.0-py3-none-any.whl", hash = "sha256:471b71698eac1c2112a40ce2752bb2f4a4814c22a54a3eed3676bc0f5ca9f663"},
    {file = "sniffio-1.2.0.tar.gz", hash = "sha256:c4666eecec1d3f50960c6bdf61ab7bc350648da6c126e3cf6898d8cd4ddcd3de"},
]
starlette = [
    {file = "starlette-0.17.1-py3-none-any.whl", hash = "sha256:26a18cbda5e6b651c964c12c88b36d9898481cd428ed6e063f5f29c418f73050"},
    {file = "starlette-0.17.1.tar.gz", hash = "sha256:57eab3cc975a28af62f6faec94d355a410634940f10b30d68d31cb5ec1b44ae8"},
]
typing-extensions = [
    {file = "typing_extensions-4.1.1-py3-none-any.whl", hash = "sha256:21c85e0fe4b9a155d0799430b0ad741cdce7e359660ccbd8b530613e8df88ce2"},
    {file = "typing_extensions-4.1.1.tar.gz", hash = "sha256:1a9462dcc3347a79b1f1c0271fbe79e844580bb598bafa1ed208b94da3cdcd42"},
]
uvicorn = [
    {file = "uvicorn-0.17.5-py3-none-any.whl", hash = "sha256:8adddf629b79857b48b999ae1b14d6c92c95d4d7840bd86461f09bee75f1653e"},
    {file = "uvicorn-0.17.5.tar.gz", hash = "sha256:c04a9c069111489c324f427501b3840d306c6b91a77b00affc136a840a3f45f1"},
]
uvloop = [
    {file = "uvloop-0.16.0-cp310-cp310-macosx_10_9_universal2.whl", hash = "sha256:6224f1401025b748ffecb7a6e2652b17768f30b1a6a3f7b44660e5b5b690b12d"},
    {file = "uvloop-0.16.0-cp310-cp310-macosx_10_9_x86_64.whl", hash = "sha256:30ba9dcbd0965f5c812b7c2112a1ddf60cf904c1c160f398e7eed3a6b82dcd9c"},
    {file = "uvloop-0.16.0-cp310-cp310-manylinux_2_12_x86_64.manylinux2010_x86_64.whl", hash = "sha256:bd53f7f5db562f37cd64a3af5012df8cac2c464c97e732ed556800129505bd64"},
    {file = "uvloop-0.16.0-cp310-cp310-manylinux_2_17_aarch64.manylinux2014_aarch64.whl", hash = "sha256:772206116b9b57cd625c8a88f2413df2fcfd0b496eb188b82a43bed7af2c2ec9"},
    {file = "uvloop-0.16.0-cp37-cp37m-macosx_10_9_x86_64.whl", hash = "sha256:b572256409f194521a9895aef274cea88731d14732343da3ecdb175228881638"},
    {file = "uvloop-0.16.0-cp37-cp37m-manylinux_2_12_x86_64.manylinux2010_x86_64.whl", hash = "sha256:04ff57aa137230d8cc968f03481176041ae789308b4d5079118331ab01112450"},
    {file = "uvloop-0.16.0-cp37-cp37m-manylinux_2_17_aarch64.manylinux2014_aarch64.whl", hash = "sha256:3a19828c4f15687675ea912cc28bbcb48e9bb907c801873bd1519b96b04fb805"},
    {file = "uvloop-0.16.0-cp38-cp38-macosx_10_9_universal2.whl", hash = "sha256:e814ac2c6f9daf4c36eb8e85266859f42174a4ff0d71b99405ed559257750382"},
    {file = "uvloop-0.16.0-cp38-cp38-macosx_10_9_x86_64.whl", hash = "sha256:bd8f42ea1ea8f4e84d265769089964ddda95eb2bb38b5cbe26712b0616c3edee"},
    {file = "uvloop-0.16.0-cp38-cp38-manylinux_2_12_x86_64.manylinux2010_x86_64.whl", hash = "sha256:647e481940379eebd314c00440314c81ea547aa636056f554d491e40503c8464"},
    {file = "uvloop-0.16.0-cp38-cp38-manylinux_2_17_aarch64.manylinux2014_aarch64.whl", hash = "sha256:8e0d26fa5875d43ddbb0d9d79a447d2ace4180d9e3239788208527c4784f7cab"},
    {file = "uvloop-0.16.0-cp39-cp39-macosx_10_9_universal2.whl", hash = "sha256:6ccd57ae8db17d677e9e06192e9c9ec4bd2066b77790f9aa7dede2cc4008ee8f"},
    {file = "uvloop-0.16.0-cp39-cp39-macosx_10_9_x86_64.whl", hash = "sha256:089b4834fd299d82d83a25e3335372f12117a7d38525217c2258e9b9f4578897"},
    {file = "uvloop-0.16.0-cp39-cp39-manylinux_2_12_x86_64.manylinux2010_x86_64.whl", hash = "sha256:98d117332cc9e5ea8dfdc2b28b0a23f60370d02e1395f88f40d1effd2cb86c4f"},
    {file = "uvloop-0.16.0-cp39-cp39-manylinux_2_17_aarch64.manylinux2014_aarch64.whl", hash = "sha256:1e5f2e2ff51aefe6c19ee98af12b4ae61f5be456cd24396953244a30880ad861"},
    {file = "uvloop-0.16.0.tar.gz", hash = "sha256:f74bc20c7b67d1c27c72601c78cf95be99d5c2cdd4514502b4f3eb0933ff1228"},
]
watchgod = [
    {file = "watchgod-0.7-py3-none-any.whl", hash = "sha256:d6c1ea21df37847ac0537ca0d6c2f4cdf513562e95f77bb93abbcf05573407b7"},
    {file = "watchgod-0.7.tar.gz", hash = "sha256:48140d62b0ebe9dd9cf8381337f06351e1f2e70b2203fa9c6eff4e572ca84f29"},
]
websockets = [
    {file = "websockets-10.2-cp310-cp310-macosx_10_9_universal2.whl", hash = "sha256:d5396710f86a306cf52f87fd8ea594a0e894ba0cc5a36059eaca3a477dc332aa"},
    {file = "websockets-10.2-cp310-cp310-macosx_10_9_x86_64.whl", hash = "sha256:b22bdc795e62e71118b63e14a08bacfa4f262fd2877de7e5b950f5ac16b0348f"},
    {file = "websockets-10.2-cp310-cp310-macosx_11_0_arm64.whl", hash = "sha256:5b04270b5613f245ec84bb2c6a482a9d009aefad37c0575f6cda8499125d5d5c"},
    {file = "websockets-10.2-cp310-cp310-manylinux_2_17_aarch64.manylinux2014_aarch64.whl", hash = "sha256:f5c335dc0e7dc271ef36df3f439868b3c790775f345338c2f61a562f1074187b"},
    {file = "websockets-10.2-cp310-cp310-manylinux_2_5_i686.manylinux1_i686.manylinux_2_12_i686.manylinux2010_i686.whl", hash = "sha256:6a009eb551c46fd79737791c0c833fc0e5b56bcd1c3057498b262d660b92e9cd"},
    {file = "websockets-10.2-cp310-cp310-manylinux_2_5_x86_64.manylinux1_x86_64.manylinux_2_12_x86_64.manylinux2010_x86_64.whl", hash = "sha256:a10c0c1ee02164246f90053273a42d72a3b2452a7e7486fdae781138cf7fbe2d"},
    {file = "websockets-10.2-cp310-cp310-musllinux_1_1_aarch64.whl", hash = "sha256:7b38a5c9112e3dbbe45540f7b60c5204f49b3cb501b40950d6ab34cd202ab1d0"},
    {file = "websockets-10.2-cp310-cp310-musllinux_1_1_i686.whl", hash = "sha256:2aa9b91347ecd0412683f28aabe27f6bad502d89bd363b76e0a3508b1596402e"},
    {file = "websockets-10.2-cp310-cp310-musllinux_1_1_x86_64.whl", hash = "sha256:b7fe45ae43ac814beb8ca09d6995b56800676f2cfa8e23f42839dc69bba34a42"},
    {file = "websockets-10.2-cp310-cp310-win32.whl", hash = "sha256:cef40a1b183dcf39d23b392e9dd1d9b07ab9c46aadf294fff1350fb79146e72b"},
    {file = "websockets-10.2-cp310-cp310-win_amd64.whl", hash = "sha256:c21a67ab9a94bd53e10bba21912556027fea944648a09e6508415ad14e37c325"},
    {file = "websockets-10.2-cp37-cp37m-macosx_10_9_x86_64.whl", hash = "sha256:cb316b87cbe3c0791c2ad92a5a36bf6adc87c457654335810b25048c1daa6fd5"},
    {file = "websockets-10.2-cp37-cp37m-manylinux_2_17_aarch64.manylinux2014_aarch64.whl", hash = "sha256:f14bd10e170abc01682a9f8b28b16e6f20acf6175945ef38db6ffe31b0c72c3f"},
    {file = "websockets-10.2-cp37-cp37m-manylinux_2_5_i686.manylinux1_i686.manylinux_2_12_i686.manylinux2010_i686.whl", hash = "sha256:fa35c5d1830d0fb7b810324e9eeab9aa92e8f273f11fdbdc0741dcded6d72b9f"},
    {file = "websockets-10.2-cp37-cp37m-manylinux_2_5_x86_64.manylinux1_x86_64.manylinux_2_12_x86_64.manylinux2010_x86_64.whl", hash = "sha256:71a4491cfe7a9f18ee57d41163cb6a8a3fa591e0f0564ca8b0ed86b2a30cced4"},
    {file = "websockets-10.2-cp37-cp37m-musllinux_1_1_aarch64.whl", hash = "sha256:6193bbc1ee63aadeb9a4d81de0e19477401d150d506aee772d8380943f118186"},
    {file = "websockets-10.2-cp37-cp37m-musllinux_1_1_i686.whl", hash = "sha256:8beac786a388bb99a66c3be4ab0fb38273c0e3bc17f612a4e0a47c4fc8b9c045"},
    {file = "websockets-10.2-cp37-cp37m-musllinux_1_1_x86_64.whl", hash = "sha256:c67d9cacb3f6537ca21e9b224d4fd08481538e43bcac08b3d93181b0816def39"},
    {file = "websockets-10.2-cp37-cp37m-win32.whl", hash = "sha256:a03a25d95cc7400bd4d61a63460b5d85a7761c12075ee2f51de1ffe73aa593d3"},
    {file = "websockets-10.2-cp37-cp37m-win_amd64.whl", hash = "sha256:f8296b8408ec6853b26771599990721a26403e62b9de7e50ac0a056772ac0b5e"},
    {file = "websockets-10.2-cp38-cp38-macosx_10_9_universal2.whl", hash = "sha256:7bb9d8a6beca478c7e9bdde0159bd810cc1006ad6a7cb460533bae39da692ca2"},
    {file = "websockets-10.2-cp38-cp38-macosx_10_9_x86_64.whl", hash = "sha256:05f6e9757017270e7a92a2975e2ae88a9a582ffc4629086fd6039aa80e99cd86"},
    {file = "websockets-10.2-cp38-cp38-macosx_11_0_arm64.whl", hash = "sha256:1c9031e90ebfc486e9cdad532b94004ade3aa39a31d3c46c105bb0b579cd2490"},
    {file = "websockets-10.2-cp38-cp38-manylinux_2_17_aarch64.manylinux2014_aarch64.whl", hash = "sha256:82bc33db6d8309dc27a3bee11f7da2288ad925fcbabc2a4bb78f7e9c56249baf"},
    {file = "websockets-10.2-cp38-cp38-manylinux_2_5_i686.manylinux1_i686.manylinux_2_12_i686.manylinux2010_i686.whl", hash = "sha256:24b879ba7db12bb525d4e58089fcbe6a3df3ce4666523183654170e86d372cbe"},
    {file = "websockets-10.2-cp38-cp38-manylinux_2_5_x86_64.manylinux1_x86_64.manylinux_2_12_x86_64.manylinux2010_x86_64.whl", hash = "sha256:cf931c33db9c87c53d009856045dd524e4a378445693382a920fa1e0eb77c36c"},
    {file = "websockets-10.2-cp38-cp38-musllinux_1_1_aarch64.whl", hash = "sha256:669e54228a4d9457abafed27cbf0e2b9f401445c4dfefc12bf8e4db9751703b8"},
    {file = "websockets-10.2-cp38-cp38-musllinux_1_1_i686.whl", hash = "sha256:bffc65442dd35c473ca9790a3fa3ba06396102a950794f536783f4b8060af8dd"},
    {file = "websockets-10.2-cp38-cp38-musllinux_1_1_x86_64.whl", hash = "sha256:d4d110a84b63c5cfdd22485acc97b8b919aefeecd6300c0c9d551e055b9a88ea"},
    {file = "websockets-10.2-cp38-cp38-win32.whl", hash = "sha256:117383d0a17a0dda349f7a8790763dde75c1508ff8e4d6e8328b898b7df48397"},
    {file = "websockets-10.2-cp38-cp38-win_amd64.whl", hash = "sha256:0b66421f9f13d4df60cd48ab977ed2c2b6c9147ae1a33caf5a9f46294422fda1"},
    {file = "websockets-10.2-cp39-cp39-macosx_10_9_universal2.whl", hash = "sha256:ac081aa0307f263d63c5ff0727935c736c8dad51ddf2dc9f5d0c4759842aefaa"},
    {file = "websockets-10.2-cp39-cp39-macosx_10_9_x86_64.whl", hash = "sha256:b4059e2ccbe6587b6dc9a01db5fc49ead9a884faa4076eea96c5ec62cb32f42a"},
    {file = "websockets-10.2-cp39-cp39-macosx_11_0_arm64.whl", hash = "sha256:9ca2ca05a4c29179f06cf6727b45dba5d228da62623ec9df4184413d8aae6cb9"},
    {file = "websockets-10.2-cp39-cp39-manylinux_2_17_aarch64.manylinux2014_aarch64.whl", hash = "sha256:97950c7c844ec6f8d292440953ae18b99e3a6a09885e09d20d5e7ecd9b914cf8"},
    {file = "websockets-10.2-cp39-cp39-manylinux_2_5_i686.manylinux1_i686.manylinux_2_12_i686.manylinux2010_i686.whl", hash = "sha256:98f57b3120f8331cd7440dbe0e776474f5e3632fdaa474af1f6b754955a47d71"},
    {file = "websockets-10.2-cp39-cp39-manylinux_2_5_x86_64.manylinux1_x86_64.manylinux_2_12_x86_64.manylinux2010_x86_64.whl", hash = "sha256:a72b92f96e5e540d5dda99ee3346e199ade8df63152fa3c737260da1730c411f"},
    {file = "websockets-10.2-cp39-cp39-musllinux_1_1_aarch64.whl", hash = "sha256:038afef2a05893578d10dadbdbb5f112bd115c46347e1efe99f6a356ff062138"},
    {file = "websockets-10.2-cp39-cp39-musllinux_1_1_i686.whl", hash = "sha256:f09f46b1ff6d09b01c7816c50bd1903cf7d02ebbdb63726132717c2fcda835d5"},
    {file = "websockets-10.2-cp39-cp39-musllinux_1_1_x86_64.whl", hash = "sha256:2349fa81b6b959484bb2bda556ccb9eb70ba68987646a0f8a537a1a18319fb03"},
    {file = "websockets-10.2-cp39-cp39-win32.whl", hash = "sha256:bef03a51f9657fb03d8da6ccd233fe96e04101a852f0ffd35f5b725b28221ff3"},
    {file = "websockets-10.2-cp39-cp39-win_amd64.whl", hash = "sha256:1c1f3b18c8162e3b09761d0c6a0305fd642934202541cc511ef972cb9463261e"},
    {file = "websockets-10.2-pp37-pypy37_pp73-macosx_10_9_x86_64.whl", hash = "sha256:5a38a0175ae82e4a8c4bac29fc01b9ee26d7d5a614e5ee11e7813c68a7d938ce"},
    {file = "websockets-10.2-pp37-pypy37_pp73-manylinux_2_17_aarch64.manylinux2014_aarch64.whl", hash = "sha256:c6e56606842bb24e16e36ae7eb308d866b4249cf0be8f63b212f287eeb76b124"},
    {file = "websockets-10.2-pp37-pypy37_pp73-manylinux_2_5_i686.manylinux1_i686.manylinux_2_12_i686.manylinux2010_i686.whl", hash = "sha256:0f73cb2526d6da268e86977b2c4b58f2195994e53070fe567d5487c6436047e6"},
    {file = "websockets-10.2-pp37-pypy37_pp73-manylinux_2_5_x86_64.manylinux1_x86_64.manylinux_2_12_x86_64.manylinux2010_x86_64.whl", hash = "sha256:0cd02f36d37e503aca88ab23cc0a1a0e92a263d37acf6331521eb38040dcf77b"},
    {file = "websockets-10.2-pp37-pypy37_pp73-win_amd64.whl", hash = "sha256:56d48eebe9e39ce0d68701bce3b21df923aa05dcc00f9fd8300de1df31a7c07c"},
    {file = "websockets-10.2.tar.gz", hash = "sha256:8351c3c86b08156337b0e4ece0e3c5ec3e01fcd14e8950996832a23c99416098"},
]
